
Microsoft Visual Studio Solution File, Format Version 12.00
# Visual Studio Version 16
VisualStudioVersion = 16.0.30503.244
MinimumVisualStudioVersion = 10.0.40219.1
Project("{9A19103F-16F7-4668-BE54-9A1E7A4F7556}") = "ConsoleApp", "ConsoleApp\ConsoleApp.csproj", "{97ABDE60-3D22-409D-9406-C6544DF15C25}"
EndProject
Project("{9A19103F-16F7-4668-BE54-9A1E7A4F7556}") = "Basics", "Basics\Basics.csproj", "{8CAF0958-1CD7-43CF-8DBC-69B51CB5FFD4}"
EndProject
Project("{9A19103F-16F7-4668-BE54-9A1E7A4F7556}") = "Exercise", "Excercise\Exercise.csproj", "{B5C60CDF-65C2-4E9C-8079-B31D8651FE1C}"
EndProject
Project("{2150E333-8FDC-42A3-9474-1A3956D46DE8}") = "SupportProjects", "SupportProjects", "{5700925C-DC07-42FD-BF1D-6ECEF032B156}"
EndProject
Project("{9A19103F-16F7-4668-BE54-9A1E7A4F7556}") = "ReflectionSupportProject", "ReflectionSupportProject\ReflectionSupportProject.csproj", "{FAFB9ECF-9D14-46B2-8752-30F0AD9D16D2}"
EndProject
Project("{2150E333-8FDC-42A3-9474-1A3956D46DE8}") = "Roslyn", "Roslyn", "{293CBAFC-0C70-40AC-BDE9-EAFB65A7BB68}"
EndProject
Project("{9A19103F-16F7-4668-BE54-9A1E7A4F7556}") = "RoslynTest", "RoslynTest\RoslynTest.csproj", "{BC23CCF2-0F1A-44C9-92A3-BD4F95B703CB}"
EndProject
Project("{9A19103F-16F7-4668-BE54-9A1E7A4F7556}") = "SdkCsproj", "SdkCsproj\SdkCsproj.csproj", "{0F90D264-16B0-4114-93B5-DD51FBA23F76}"
EndProject
Project("{2150E333-8FDC-42A3-9474-1A3956D46DE8}") = ".Solution Items", ".Solution Items", "{EC1062B7-5B9C-4944-995E-23249378709F}"
	ProjectSection(SolutionItems) = preProject
		.editorconfig = .editorconfig
		.gitignore = .gitignore
		Directory.Build.props = Directory.Build.props
		Directory.Build.targets = Directory.Build.targets
		project.ruleset = project.ruleset
		readme.md = readme.md
	EndProjectSection
EndProject
Project("{9A19103F-16F7-4668-BE54-9A1E7A4F7556}") = "SolutionWidePackageUsageSample", "SolutionWidePackageUsageSample\SolutionWidePackageUsageSample.csproj", "{3CF2E80D-B98F-4261-84BB-5F071F22621D}"
EndProject
Project("{2150E333-8FDC-42A3-9474-1A3956D46DE8}") = "NewVsOldCsproj", "NewVsOldCsproj", "{56795161-A403-42C8-AED2-F6A6B145CA08}"
EndProject
Project("{FAE04EC0-301F-11D3-BF4B-00C04F79EFBC}") = "OldCsproj", "OldCsproj\OldCsproj.csproj", "{61EB6167-D61A-4992-B878-0FC834EABB4D}"
EndProject
Project("{2150E333-8FDC-42A3-9474-1A3956D46DE8}") = "AsyncAwait", "AsyncAwait", "{2C961BB0-4E4F-4D97-8419-5C394A5D5047}"
EndProject
Project("{9A19103F-16F7-4668-BE54-9A1E7A4F7556}") = "AsyncAwaitConsoleApp", "AsyncAwaitConsoleApp\AsyncAwaitConsoleApp.csproj", "{D4698F51-6CF0-4329-BB80-3A03B5D1B193}"
EndProject
Project("{2150E333-8FDC-42A3-9474-1A3956D46DE8}") = "GenericHost", "GenericHost", "{3420D8E6-C125-4B40-BF3B-A19EC131DDE6}"
EndProject
Project("{9A19103F-16F7-4668-BE54-9A1E7A4F7556}") = "ClassLibrary", "ClassLibrary\ClassLibrary.csproj", "{ED5610E1-A242-48F6-A325-72B935DC71A7}"
EndProject
Project("{9A19103F-16F7-4668-BE54-9A1E7A4F7556}") = "GenericHostSample", "GenericHostSample\GenericHostSample.csproj", "{3B0374C4-AC5F-4359-8E88-D674DD035443}"
EndProject
Project("{2150E333-8FDC-42A3-9474-1A3956D46DE8}") = "CSharp Basics", "CSharp Basics", "{E1315B8D-290D-4227-BEA2-CB2DF805DB35}"
EndProject
Project("{FAE04EC0-301F-11D3-BF4B-00C04F79EFBC}") = "WorkerService", "WorkerService\WorkerService.csproj", "{061ECB39-9503-4C32-B406-E1BE010C878C}"
EndProject
Global
	GlobalSection(SolutionConfigurationPlatforms) = preSolution
		Debug|Any CPU = Debug|Any CPU
		Release|Any CPU = Release|Any CPU
	EndGlobalSection
	GlobalSection(ProjectConfigurationPlatforms) = postSolution
		{97ABDE60-3D22-409D-9406-C6544DF15C25}.Debug|Any CPU.ActiveCfg = Debug|Any CPU
		{97ABDE60-3D22-409D-9406-C6544DF15C25}.Debug|Any CPU.Build.0 = Debug|Any CPU
		{97ABDE60-3D22-409D-9406-C6544DF15C25}.Release|Any CPU.ActiveCfg = Release|Any CPU
		{97ABDE60-3D22-409D-9406-C6544DF15C25}.Release|Any CPU.Build.0 = Release|Any CPU
		{8CAF0958-1CD7-43CF-8DBC-69B51CB5FFD4}.Debug|Any CPU.ActiveCfg = Debug|Any CPU
		{8CAF0958-1CD7-43CF-8DBC-69B51CB5FFD4}.Debug|Any CPU.Build.0 = Debug|Any CPU
		{8CAF0958-1CD7-43CF-8DBC-69B51CB5FFD4}.Release|Any CPU.ActiveCfg = Release|Any CPU
		{8CAF0958-1CD7-43CF-8DBC-69B51CB5FFD4}.Release|Any CPU.Build.0 = Release|Any CPU
		{B5C60CDF-65C2-4E9C-8079-B31D8651FE1C}.Debug|Any CPU.ActiveCfg = Debug|Any CPU
		{B5C60CDF-65C2-4E9C-8079-B31D8651FE1C}.Debug|Any CPU.Build.0 = Debug|Any CPU
		{B5C60CDF-65C2-4E9C-8079-B31D8651FE1C}.Release|Any CPU.ActiveCfg = Release|Any CPU
		{B5C60CDF-65C2-4E9C-8079-B31D8651FE1C}.Release|Any CPU.Build.0 = Release|Any CPU
		{FAFB9ECF-9D14-46B2-8752-30F0AD9D16D2}.Debug|Any CPU.ActiveCfg = Debug|Any CPU
		{FAFB9ECF-9D14-46B2-8752-30F0AD9D16D2}.Debug|Any CPU.Build.0 = Debug|Any CPU
		{FAFB9ECF-9D14-46B2-8752-30F0AD9D16D2}.Release|Any CPU.ActiveCfg = Release|Any CPU
		{FAFB9ECF-9D14-46B2-8752-30F0AD9D16D2}.Release|Any CPU.Build.0 = Release|Any CPU
		{BC23CCF2-0F1A-44C9-92A3-BD4F95B703CB}.Debug|Any CPU.ActiveCfg = Debug|Any CPU
		{BC23CCF2-0F1A-44C9-92A3-BD4F95B703CB}.Debug|Any CPU.Build.0 = Debug|Any CPU
		{BC23CCF2-0F1A-44C9-92A3-BD4F95B703CB}.Release|Any CPU.ActiveCfg = Release|Any CPU
		{BC23CCF2-0F1A-44C9-92A3-BD4F95B703CB}.Release|Any CPU.Build.0 = Release|Any CPU
		{0F90D264-16B0-4114-93B5-DD51FBA23F76}.Debug|Any CPU.ActiveCfg = Debug|Any CPU
		{0F90D264-16B0-4114-93B5-DD51FBA23F76}.Debug|Any CPU.Build.0 = Debug|Any CPU
		{0F90D264-16B0-4114-93B5-DD51FBA23F76}.Release|Any CPU.ActiveCfg = Release|Any CPU
		{0F90D264-16B0-4114-93B5-DD51FBA23F76}.Release|Any CPU.Build.0 = Release|Any CPU
		{3CF2E80D-B98F-4261-84BB-5F071F22621D}.Debug|Any CPU.ActiveCfg = Debug|Any CPU
		{3CF2E80D-B98F-4261-84BB-5F071F22621D}.Debug|Any CPU.Build.0 = Debug|Any CPU
		{3CF2E80D-B98F-4261-84BB-5F071F22621D}.Release|Any CPU.ActiveCfg = Release|Any CPU
		{3CF2E80D-B98F-4261-84BB-5F071F22621D}.Release|Any CPU.Build.0 = Release|Any CPU
		{61EB6167-D61A-4992-B878-0FC834EABB4D}.Debug|Any CPU.ActiveCfg = Debug|Any CPU
		{61EB6167-D61A-4992-B878-0FC834EABB4D}.Debug|Any CPU.Build.0 = Debug|Any CPU
		{61EB6167-D61A-4992-B878-0FC834EABB4D}.Release|Any CPU.ActiveCfg = Release|Any CPU
		{61EB6167-D61A-4992-B878-0FC834EABB4D}.Release|Any CPU.Build.0 = Release|Any CPU
		{D4698F51-6CF0-4329-BB80-3A03B5D1B193}.Debug|Any CPU.ActiveCfg = Debug|Any CPU
		{D4698F51-6CF0-4329-BB80-3A03B5D1B193}.Debug|Any CPU.Build.0 = Debug|Any CPU
		{D4698F51-6CF0-4329-BB80-3A03B5D1B193}.Release|Any CPU.ActiveCfg = Release|Any CPU
		{D4698F51-6CF0-4329-BB80-3A03B5D1B193}.Release|Any CPU.Build.0 = Release|Any CPU
		{ED5610E1-A242-48F6-A325-72B935DC71A7}.Debug|Any CPU.ActiveCfg = Debug|Any CPU
		{ED5610E1-A242-48F6-A325-72B935DC71A7}.Debug|Any CPU.Build.0 = Debug|Any CPU
		{ED5610E1-A242-48F6-A325-72B935DC71A7}.Release|Any CPU.ActiveCfg = Release|Any CPU
		{ED5610E1-A242-48F6-A325-72B935DC71A7}.Release|Any CPU.Build.0 = Release|Any CPU
		{3B0374C4-AC5F-4359-8E88-D674DD035443}.Debug|Any CPU.ActiveCfg = Debug|Any CPU
		{3B0374C4-AC5F-4359-8E88-D674DD035443}.Debug|Any CPU.Build.0 = Debug|Any CPU
		{3B0374C4-AC5F-4359-8E88-D674DD035443}.Release|Any CPU.ActiveCfg = Release|Any CPU
		{3B0374C4-AC5F-4359-8E88-D674DD035443}.Release|Any CPU.Build.0 = Release|Any CPU
		{061ECB39-9503-4C32-B406-E1BE010C878C}.Debug|Any CPU.ActiveCfg = Debug|Any CPU
		{061ECB39-9503-4C32-B406-E1BE010C878C}.Debug|Any CPU.Build.0 = Debug|Any CPU
		{061ECB39-9503-4C32-B406-E1BE010C878C}.Release|Any CPU.ActiveCfg = Release|Any CPU
		{061ECB39-9503-4C32-B406-E1BE010C878C}.Release|Any CPU.Build.0 = Release|Any CPU
	EndGlobalSection
	GlobalSection(SolutionProperties) = preSolution
		HideSolutionNode = FALSE
	EndGlobalSection
	GlobalSection(NestedProjects) = preSolution
		{97ABDE60-3D22-409D-9406-C6544DF15C25} = {E1315B8D-290D-4227-BEA2-CB2DF805DB35}
		{8CAF0958-1CD7-43CF-8DBC-69B51CB5FFD4} = {E1315B8D-290D-4227-BEA2-CB2DF805DB35}
		{B5C60CDF-65C2-4E9C-8079-B31D8651FE1C} = {E1315B8D-290D-4227-BEA2-CB2DF805DB35}
		{5700925C-DC07-42FD-BF1D-6ECEF032B156} = {E1315B8D-290D-4227-BEA2-CB2DF805DB35}
		{FAFB9ECF-9D14-46B2-8752-30F0AD9D16D2} = {5700925C-DC07-42FD-BF1D-6ECEF032B156}
		{BC23CCF2-0F1A-44C9-92A3-BD4F95B703CB} = {293CBAFC-0C70-40AC-BDE9-EAFB65A7BB68}
		{0F90D264-16B0-4114-93B5-DD51FBA23F76} = {56795161-A403-42C8-AED2-F6A6B145CA08}
		{61EB6167-D61A-4992-B878-0FC834EABB4D} = {56795161-A403-42C8-AED2-F6A6B145CA08}
		{D4698F51-6CF0-4329-BB80-3A03B5D1B193} = {2C961BB0-4E4F-4D97-8419-5C394A5D5047}
		{ED5610E1-A242-48F6-A325-72B935DC71A7} = {3420D8E6-C125-4B40-BF3B-A19EC131DDE6}
		{3B0374C4-AC5F-4359-8E88-D674DD035443} = {3420D8E6-C125-4B40-BF3B-A19EC131DDE6}
		{061ECB39-9503-4C32-B406-E1BE010C878C} = {3420D8E6-C125-4B40-BF3B-A19EC131DDE6}
	EndGlobalSection
	GlobalSection(ExtensibilityGlobals) = postSolution
		SolutionGuid = {335E8A07-624D-4825-955C-3AB6AD1245DE}
	EndGlobalSection
EndGlobal
